{
  "name": "test",
  "version": "1.0.0",
  "lockfileVersion": 1,
  "requires": true,
  "dependencies": {
    "babel-polyfill": {
      "version": "6.26.0",
      "resolved": "https://registry.npm.taobao.org/babel-polyfill/download/babel-polyfill-6.26.0.tgz",
      "integrity": "sha1-N5k3q8Z9eJWXCtxiHyhM2WbPIVM=",
      "requires": {
        "babel-runtime": "^6.26.0",
        "core-js": "^2.5.0",
        "regenerator-runtime": "^0.10.5"
      }
    },
    "babel-runtime": {
      "version": "6.26.0",
      "resolved": "https://registry.npm.taobao.org/babel-runtime/download/babel-runtime-6.26.0.tgz",
      "integrity": "sha1-llxwWGaOgrVde/4E/yM3vItWR/4=",
      "requires": {
        "core-js": "^2.4.0",
        "regenerator-runtime": "^0.11.0"
      },
      "dependencies": {
        "regenerator-runtime": {
          "version": "0.11.1",
          "resolved": "https://registry.npm.taobao.org/regenerator-runtime/download/regenerator-runtime-0.11.1.tgz",
          "integrity": "sha1-vgWtf5v30i4Fb5cmzuUBf78Z4uk="
        }
      }
    },
    "core-js": {
      "version": "2.6.9",
      "resolved": "https://registry.npm.taobao.org/core-js/download/core-js-2.6.9.tgz",
      "integrity": "sha1-a0shRiDINBUuF5Mjcn/Bl0GwhPI="
    },
    "import-html-entry": {
      "version": "1.2.1",
      "resolved": "https://registry.npmjs.org/import-html-entry/-/import-html-entry-1.2.1.tgz",
      "integrity": "sha512-XqCzQ0Z5pzDSsLWlhkJsbHE5okdvRU6ETx/nHJZLibq/dArjhhMCPXClLT/u92cLDhjtQ0PacqfN9gBv1teWgw=="
    },
    "js-tokens": {
      "version": "4.0.0",
      "resolved": "https://registry.npm.taobao.org/js-tokens/download/js-tokens-4.0.0.tgz",
      "integrity": "sha1-GSA/tZmR35jjoocFDUZHzerzJJk="
    },
    "lodash": {
      "version": "4.17.15",
      "resolved": "https://registry.npmjs.org/lodash/-/lodash-4.17.15.tgz",
      "integrity": "sha512-8xOcRHvCjnocdS5cpwXQXVzmmh5e5+saE2QGoeQmbKmRS6J3VQppPOIt0MnmE+4xlZoumy0GPG0D0MVIQbNA1A=="
    },
    "loose-envify": {
      "version": "1.4.0",
      "resolved": "https://registry.npm.taobao.org/loose-envify/download/loose-envify-1.4.0.tgz",
      "integrity": "sha1-ce5R+nvkyuwaY4OffmgtgTLTDK8=",
      "requires": {
        "js-tokens": "^3.0.0 || ^4.0.0"
      }
    },
    "qiankun": {
      "version": "1.1.5",
      "resolved": "https://registry.npmjs.org/qiankun/-/qiankun-1.1.5.tgz",
      "integrity": "sha512-3oyf6UiTvj2yRWw6/7tLGP8fAAAGzzOPyF1ooKnzQ/wYHHcEHoPaFGJd/MIwH0eQktf4ujmdHPNlS4zPZrY7CA==",
      "requires": {
        "import-html-entry": "^1.0.0",
        "lodash": "^4.17.11",
        "single-spa": "^4.3.4",
        "tslib": "^1.9.3"
      }
    },
    "redux": {
      "version": "4.0.4",
      "resolved": "https://registry.npm.taobao.org/redux/download/redux-4.0.4.tgz",
      "integrity": "sha1-TuGusWS2PWobzFeuSqC25vp6N5Y=",
      "requires": {
        "loose-envify": "^1.4.0",
        "symbol-observable": "^1.2.0"
      }
    },
    "regenerator-runtime": {
      "version": "0.10.5",
      "resolved": "https://registry.npm.taobao.org/regenerator-runtime/download/regenerator-runtime-0.10.5.tgz",
      "integrity": "sha1-M2w+/BIgrc7dosn6tntaeVWjNlg="
    },
    "single-spa": {
      "version": "4.3.7",
      "resolved": "https://registry.npmjs.org/single-spa/-/single-spa-4.3.7.tgz",
      "integrity": "sha512-wfwpVIJd9HPcMa7MlbfsFrcQrTzk8G1GLxvWzDZ9lydwBpfMl97u96zCzZcgc5YnVcHOSF22Bi/paz6Ywk9mfA=="
    },
    "symbol-observable": {
      "version": "1.2.0",
      "resolved": "https://registry.npm.taobao.org/symbol-observable/download/symbol-observable-1.2.0.tgz",
      "integrity": "sha1-wiaIrtTqs83C3+rLtWFmBWCgCAQ="
    },
    "tslib": {
      "version": "1.10.0",
      "resolved": "https://registry.npmjs.org/tslib/-/tslib-1.10.0.tgz",
      "integrity": "sha512-qOebF53frne81cf0S9B41ByenJ3/IuH8yJKngAX35CmiZySA0khhkovshKK+jGCaMnVomla7gVlIcc3EvKPbTQ=="
    }
  }
}
