# THIS IS AN AUTOGENERATED FILE. DO NOT EDIT THIS FILE DIRECTLY.
# yarn lockfile v1


babel-polyfill@^6.26.0:
  version "6.26.0"
  resolved "https://registry.yarnpkg.com/babel-polyfill/-/babel-polyfill-6.26.0.tgz#379937abc67d7895970adc621f284cd966cf2153"
  integrity sha1-N5k3q8Z9eJWXCtxiHyhM2WbPIVM=
  dependencies:
    babel-runtime "^6.26.0"
    core-js "^2.5.0"
    regenerator-runtime "^0.10.5"

babel-runtime@^6.26.0:
  version "6.26.0"
  resolved "https://registry.yarnpkg.com/babel-runtime/-/babel-runtime-6.26.0.tgz#965c7058668e82b55d7bfe04ff2337bc8b5647fe"
  integrity sha1-llxwWGaOgrVde/4E/yM3vItWR/4=
  dependencies:
    core-js "^2.4.0"
    regenerator-runtime "^0.11.0"

core-js@^2.4.0, core-js@^2.5.0:
  version "2.6.9"
  resolved "https://registry.yarnpkg.com/core-js/-/core-js-2.6.9.tgz#6b4b214620c834152e179323727fc19741b084f2"
  integrity sha512-HOpZf6eXmnl7la+cUdMnLvUxKNqLUzJvgIziQ0DiF3JwSImNphIqdGqzj6hIKyX04MmV0poclQ7+wjWvxQyR2A==

import-html-entry@^1.0.0:
  version "1.2.1"
  resolved "https://registry.yarnpkg.com/import-html-entry/-/import-html-entry-1.2.1.tgz#09d1bcbe30d9c39c75384d4dd264b22d1b5660f4"
  integrity sha512-XqCzQ0Z5pzDSsLWlhkJsbHE5okdvRU6ETx/nHJZLibq/dArjhhMCPXClLT/u92cLDhjtQ0PacqfN9gBv1teWgw==

"js-tokens@^3.0.0 || ^4.0.0":
  version "4.0.0"
  resolved "https://registry.yarnpkg.com/js-tokens/-/js-tokens-4.0.0.tgz#19203fb59991df98e3a287050d4647cdeaf32499"
  integrity sha512-RdJUflcE3cUzKiMqQgsCu06FPu9UdIJO0beYbPhHN4k6apgJtifcoCtT9bcxOpYBtpD2kCM6Sbzg4CausW/PKQ==

lodash@^4.17.11:
  version "4.17.15"
  resolved "https://registry.yarnpkg.com/lodash/-/lodash-4.17.15.tgz#b447f6670a0455bbfeedd11392eff330ea097548"
  integrity sha512-8xOcRHvCjnocdS5cpwXQXVzmmh5e5+saE2QGoeQmbKmRS6J3VQppPOIt0MnmE+4xlZoumy0GPG0D0MVIQbNA1A==

loose-envify@^1.4.0:
  version "1.4.0"
  resolved "https://registry.yarnpkg.com/loose-envify/-/loose-envify-1.4.0.tgz#71ee51fa7be4caec1a63839f7e682d8132d30caf"
  integrity sha512-lyuxPGr/Wfhrlem2CL/UcnUc1zcqKAImBDzukY7Y5F/yQiNdko6+fRLevlw1HgMySw7f611UIY408EtxRSoK3Q==
  dependencies:
    js-tokens "^3.0.0 || ^4.0.0"

qiankun@^1.1.5:
  version "1.1.5"
  resolved "https://registry.yarnpkg.com/qiankun/-/qiankun-1.1.5.tgz#a28d1fe9ff82a6306510d05d4232864d95ecf921"
  integrity sha512-3oyf6UiTvj2yRWw6/7tLGP8fAAAGzzOPyF1ooKnzQ/wYHHcEHoPaFGJd/MIwH0eQktf4ujmdHPNlS4zPZrY7CA==
  dependencies:
    import-html-entry "^1.0.0"
    lodash "^4.17.11"
    single-spa "^4.3.4"
    tslib "^1.9.3"

redux@^4.0.4:
  version "4.0.4"
  resolved "https://registry.yarnpkg.com/redux/-/redux-4.0.4.tgz#4ee1aeb164b63d6a1bcc57ae4aa0b6e6fa7a3796"
  integrity sha512-vKv4WdiJxOWKxK0yRoaK3Y4pxxB0ilzVx6dszU2W8wLxlb2yikRph4iV/ymtdJ6ZxpBLFbyrxklnT5yBbQSl3Q==
  dependencies:
    loose-envify "^1.4.0"
    symbol-observable "^1.2.0"

regenerator-runtime@^0.10.5:
  version "0.10.5"
  resolved "https://registry.yarnpkg.com/regenerator-runtime/-/regenerator-runtime-0.10.5.tgz#336c3efc1220adcedda2c9fab67b5a7955a33658"
  integrity sha1-M2w+/BIgrc7dosn6tntaeVWjNlg=

regenerator-runtime@^0.11.0:
  version "0.11.1"
  resolved "https://registry.yarnpkg.com/regenerator-runtime/-/regenerator-runtime-0.11.1.tgz#be05ad7f9bf7d22e056f9726cee5017fbf19e2e9"
  integrity sha512-MguG95oij0fC3QV3URf4V2SDYGJhJnJGqvIIgdECeODCT98wSWDAJ94SSuVpYQUoTcGUIL6L4yNB7j1DFFHSBg==

single-spa@^4.3.4:
  version "4.3.7"
  resolved "https://registry.yarnpkg.com/single-spa/-/single-spa-4.3.7.tgz#b28dd9535159c1949fb5544002496e0b26b73f40"
  integrity sha512-wfwpVIJd9HPcMa7MlbfsFrcQrTzk8G1GLxvWzDZ9lydwBpfMl97u96zCzZcgc5YnVcHOSF22Bi/paz6Ywk9mfA==

symbol-observable@^1.2.0:
  version "1.2.0"
  resolved "https://registry.yarnpkg.com/symbol-observable/-/symbol-observable-1.2.0.tgz#c22688aed4eab3cdc2dfeacbb561660560a00804"
  integrity sha512-e900nM8RRtGhlV36KGEU9k65K3mPb1WV70OdjfxlG2EAuM1noi/E/BaW/uMhL7bPEssK8QV57vN3esixjUvcXQ==

tslib@^1.9.3:
  version "1.10.0"
  resolved "https://registry.yarnpkg.com/tslib/-/tslib-1.10.0.tgz#c3c19f95973fb0a62973fb09d90d961ee43e5c8a"
  integrity sha512-qOebF53frne81cf0S9B41ByenJ3/IuH8yJKngAX35CmiZySA0khhkovshKK+jGCaMnVomla7gVlIcc3EvKPbTQ==
